
Microsoft Visual Studio Solution File, Format Version 12.00
# Visual Studio Version 17
VisualStudioVersion = 17.5.33530.505
MinimumVisualStudioVersion = 10.0.40219.1
Project("{9A19103F-16F7-4668-BE54-9A1E7A4F7556}") = "ComDrawing.API", "ComDrawing.API\ComDrawing.API.csproj", "{67E9ABBA-5F7E-4FC9-BD57-807BCA42E1BF}"
EndProject
Project("{2150E333-8FDC-42A3-9474-1A3956D46DE8}") = "Client", "Client", "{1CD82D64-62CA-47ED-BFBD-4BB283C72CEE}"
EndProject
Project("{9A19103F-16F7-4668-BE54-9A1E7A4F7556}") = "ComDrawing.Client.WF", "ComDrawing.Client.WF\ComDrawing.Client.WF.csproj", "{14AA7D7F-D3C9-48B0-AB46-054A9FA780D9}"
EndProject
Project("{FAE04EC0-301F-11D3-BF4B-00C04F79EFBC}") = "ComDrawing.Share", "ComDrawing.Share\ComDrawing.Share.csproj", "{0444F53E-5E0B-442C-BC0B-F9CA5E8A44F2}"
EndProject
Global
	GlobalSection(SolutionConfigurationPlatforms) = preSolution
		Debug|Any CPU = Debug|Any CPU
		Release|Any CPU = Release|Any CPU
	EndGlobalSection
	GlobalSection(ProjectConfigurationPlatforms) = postSolution
		{67E9ABBA-5F7E-4FC9-BD57-807BCA42E1BF}.Debug|Any CPU.ActiveCfg = Debug|Any CPU
		{67E9ABBA-5F7E-4FC9-BD57-807BCA42E1BF}.Debug|Any CPU.Build.0 = Debug|Any CPU
		{67E9ABBA-5F7E-4FC9-BD57-807BCA42E1BF}.Release|Any CPU.ActiveCfg = Release|Any CPU
		{67E9ABBA-5F7E-4FC9-BD57-807BCA42E1BF}.Release|Any CPU.Build.0 = Release|Any CPU
		{14AA7D7F-D3C9-48B0-AB46-054A9FA780D9}.Debug|Any CPU.ActiveCfg = Debug|Any CPU
		{14AA7D7F-D3C9-48B0-AB46-054A9FA780D9}.Debug|Any CPU.Build.0 = Debug|Any CPU
		{14AA7D7F-D3C9-48B0-AB46-054A9FA780D9}.Release|Any CPU.ActiveCfg = Release|Any CPU
		{14AA7D7F-D3C9-48B0-AB46-054A9FA780D9}.Release|Any CPU.Build.0 = Release|Any CPU
		{0444F53E-5E0B-442C-BC0B-F9CA5E8A44F2}.Debug|Any CPU.ActiveCfg = Debug|Any CPU
		{0444F53E-5E0B-442C-BC0B-F9CA5E8A44F2}.Debug|Any CPU.Build.0 = Debug|Any CPU
		{0444F53E-5E0B-442C-BC0B-F9CA5E8A44F2}.Release|Any CPU.ActiveCfg = Release|Any CPU
		{0444F53E-5E0B-442C-BC0B-F9CA5E8A44F2}.Release|Any CPU.Build.0 = Release|Any CPU
	EndGlobalSection
	GlobalSection(SolutionProperties) = preSolution
		HideSolutionNode = FALSE
	EndGlobalSection
	GlobalSection(NestedProjects) = preSolution
		{14AA7D7F-D3C9-48B0-AB46-054A9FA780D9} = {1CD82D64-62CA-47ED-BFBD-4BB283C72CEE}
	EndGlobalSection
	GlobalSection(ExtensibilityGlobals) = postSolution
		SolutionGuid = {86656C26-C22A-4BE3-982B-7AB428F24EC1}
	EndGlobalSection
EndGlobal
